<?xml version="1.0" encoding="utf-8"?>
<Project ToolsVersion="4.0" xmlns="http://schemas.microsoft.com/developer/msbuild/2003">
  <ItemGroup>
    <Filter Include="Source Files">
      <UniqueIdentifier>{4FC737F1-C7A5-4376-A066-2A32D752A2FF}</UniqueIdentifier>
      <Extensions>cpp;c;cc;cxx;def;odl;idl;hpj;bat;asm;asmx</Extensions>
    </Filter>
    <Filter Include="Header Files">
      <UniqueIdentifier>{93995380-89BD-4b04-88EB-625FBE52EBFB}</UniqueIdentifier>
      <Extensions>h;hh;hpp;hxx;hm;inl;inc;xsd</Extensions>
    </Filter>
    <Filter Include="Resource Files">
      <UniqueIdentifier>{67DA6AB6-F800-4c08-8B7A-83BB121AAD01}</UniqueIdentifier>
      <Extensions>rc;ico;cur;bmp;dlg;rc2;rct;bin;rgs;gif;jpg;jpeg;jpe;resx;tiff;tif;png;wav;mfcribbon-ms</Extensions>
    </Filter>
    <Filter Include="JEngine">
      <UniqueIdentifier>{0e7d366c-4641-4cb6-9e88-873beec22844}</UniqueIdentifier>
    </Filter>
    <Filter Include="JEngine\Input">
      <UniqueIdentifier>{d5f6dd38-4599-4bb5-a9eb-690949be2421}</UniqueIdentifier>
    </Filter>
    <Filter Include="JEngine\Window">
      <UniqueIdentifier>{80949a05-f5a6-4be7-b1ed-3e47f39f0603}</UniqueIdentifier>
    </Filter>
    <Filter Include="JEngine\Scene System">
      <UniqueIdentifier>{94fdc67e-4f86-4372-a811-b44ababc739a}</UniqueIdentifier>
    </Filter>
    <Filter Include="JEngine\Components">
      <UniqueIdentifier>{15c54a67-cae9-4a5b-b3fa-88943b8b8986}</UniqueIdentifier>
    </Filter>
    <Filter Include="JEngine\Components\Audio">
      <UniqueIdentifier>{bbdce4e5-e59d-4379-b3db-40d76f4202e0}</UniqueIdentifier>
    </Filter>
    <Filter Include="JEngine\Components\Graphics">
      <UniqueIdentifier>{022a1f13-a8cd-46c3-bfb4-721fb95a997c}</UniqueIdentifier>
    </Filter>
    <Filter Include="JEngine\Components\Graphics\Sprites">
      <UniqueIdentifier>{db7b152f-793f-435d-9fe6-eb050fb6e789}</UniqueIdentifier>
    </Filter>
    <Filter Include="JEngine\Components\Animation">
      <UniqueIdentifier>{9c51d9e8-a2f9-468a-839e-ed9fbe0f3f06}</UniqueIdentifier>
    </Filter>
    <Filter Include="JEngine\Components\Graphics\Text">
      <UniqueIdentifier>{90e76409-7571-4e87-a2fc-84daad15738c}</UniqueIdentifier>
    </Filter>
    <Filter Include="JEngine\GameObject">
      <UniqueIdentifier>{b8b9542c-3ed6-407b-8e12-41022531b39b}</UniqueIdentifier>
    </Filter>
    <Filter Include="JEngine\Components\Collider">
      <UniqueIdentifier>{ae3f3d0a-c401-48f1-9a76-01c57fc8e993}</UniqueIdentifier>
    </Filter>
    <Filter Include="JEngine\Components\Collider\Box">
      <UniqueIdentifier>{6b98f335-9bca-4099-b2cb-30ea362220ad}</UniqueIdentifier>
    </Filter>
  </ItemGroup>
  <ItemGroup>
    <ClCompile Include="Game.cpp">
      <Filter>JEngine</Filter>
    </ClCompile>
    <ClCompile Include="MainScene.cpp">
      <Filter>Source Files</Filter>
    </ClCompile>
    <ClCompile Include="InputManager.cpp">
      <Filter>JEngine\Input</Filter>
    </ClCompile>
    <ClCompile Include="CustomRenderWindow.cpp">
      <Filter>JEngine\Window</Filter>
    </ClCompile>
    <ClCompile Include="Scene.cpp">
      <Filter>JEngine\Scene System</Filter>
    </ClCompile>
    <ClCompile Include="SceneManager.cpp">
      <Filter>JEngine\Scene System</Filter>
    </ClCompile>
    <ClCompile Include="main.cpp">
      <Filter>JEngine</Filter>
    </ClCompile>
    <ClCompile Include="Component.cpp">
      <Filter>JEngine\Components</Filter>
    </ClCompile>
    <ClCompile Include="AudioSource.cpp">
      <Filter>JEngine\Components\Audio</Filter>
    </ClCompile>
    <ClCompile Include="Animation.cpp">
      <Filter>JEngine\Components\Animation</Filter>
    </ClCompile>
    <ClCompile Include="Sprite.cpp">
      <Filter>JEngine\Components\Graphics\Sprites</Filter>
    </ClCompile>
    <ClCompile Include="Font.cpp">
      <Filter>JEngine\Components\Graphics\Text</Filter>
    </ClCompile>
    <ClCompile Include="Text.cpp">
      <Filter>JEngine\Components\Graphics\Text</Filter>
    </ClCompile>
    <ClCompile Include="GameObject.cpp">
      <Filter>JEngine\GameObject</Filter>
    </ClCompile>
    <ClCompile Include="Collider.cpp">
      <Filter>JEngine\Components\Collider</Filter>
    </ClCompile>
    <ClCompile Include="BoxCollider.cpp">
      <Filter>JEngine\Components\Collider\Box</Filter>
    </ClCompile>
  </ItemGroup>
  <ItemGroup>
    <ClInclude Include="Game.h">
      <Filter>JEngine</Filter>
    </ClInclude>
    <ClInclude Include="MainScene.h">
      <Filter>Header Files</Filter>
    </ClInclude>
    <ClInclude Include="InputManager.h">
      <Filter>JEngine\Input</Filter>
    </ClInclude>
    <ClInclude Include="CustomRenderWindow.h">
      <Filter>JEngine\Window</Filter>
    </ClInclude>
    <ClInclude Include="Scene.h">
      <Filter>JEngine\Scene System</Filter>
    </ClInclude>
    <ClInclude Include="SceneManager.h">
      <Filter>JEngine\Scene System</Filter>
    </ClInclude>
    <ClInclude Include="Component.h">
      <Filter>JEngine\Components</Filter>
    </ClInclude>
    <ClInclude Include="AudioSource.h">
      <Filter>JEngine\Components\Audio</Filter>
    </ClInclude>
    <ClInclude Include="Animation.h">
      <Filter>JEngine\Components\Animation</Filter>
    </ClInclude>
    <ClInclude Include="Sprite.h">
      <Filter>JEngine\Components\Graphics\Sprites</Filter>
    </ClInclude>
    <ClInclude Include="Font.h">
      <Filter>JEngine\Components\Graphics\Text</Filter>
    </ClInclude>
    <ClInclude Include="Text.h">
      <Filter>JEngine\Components\Graphics\Text</Filter>
    </ClInclude>
    <ClInclude Include="GameObject.h">
      <Filter>JEngine\GameObject</Filter>
    </ClInclude>
    <ClInclude Include="Collider.h">
      <Filter>JEngine\Components\Collider</Filter>
    </ClInclude>
    <ClInclude Include="BoxCollider.h">
      <Filter>JEngine\Components\Collider\Box</Filter>
    </ClInclude>
  </ItemGroup>
</Project>